
Microsoft Visual Studio Solution File, Format Version 12.00
# Visual Studio Version 17
VisualStudioVersion = 17.12.35527.113
MinimumVisualStudioVersion = 10.0.40219.1
Project("{FAE04EC0-301F-11D3-BF4B-00C04F79EFBC}") = "E_LearningApp_WEBAPI", "E_LearningApp_WEBAPI\E_LearningApp_WEBAPI.csproj", "{2E4FB7A1-B613-423B-BBD1-CFF58FB930FB}"
EndProject
Project("{FAE04EC0-301F-11D3-BF4B-00C04F79EFBC}") = "ELearning_WebAPI.Tests", "ELearning_WebAPI.Tests\ELearning_WebAPI.Tests.csproj", "{BDE47AC7-54AA-470D-951F-FF3F76BF9243}"
EndProject
Global
	GlobalSection(SolutionConfigurationPlatforms) = preSolution
		Debug|Any CPU = Debug|Any CPU
		Release|Any CPU = Release|Any CPU
	EndGlobalSection
	GlobalSection(ProjectConfigurationPlatforms) = postSolution
		{2E4FB7A1-B613-423B-BBD1-CFF58FB930FB}.Debug|Any CPU.ActiveCfg = Debug|Any CPU
		{2E4FB7A1-B613-423B-BBD1-CFF58FB930FB}.Debug|Any CPU.Build.0 = Debug|Any CPU
		{2E4FB7A1-B613-423B-BBD1-CFF58FB930FB}.Release|Any CPU.ActiveCfg = Release|Any CPU
		{2E4FB7A1-B613-423B-BBD1-CFF58FB930FB}.Release|Any CPU.Build.0 = Release|Any CPU
		{BDE47AC7-54AA-470D-951F-FF3F76BF9243}.Debug|Any CPU.ActiveCfg = Debug|Any CPU
		{BDE47AC7-54AA-470D-951F-FF3F76BF9243}.Debug|Any CPU.Build.0 = Debug|Any CPU
		{BDE47AC7-54AA-470D-951F-FF3F76BF9243}.Release|Any CPU.ActiveCfg = Release|Any CPU
		{BDE47AC7-54AA-470D-951F-FF3F76BF9243}.Release|Any CPU.Build.0 = Release|Any CPU
	EndGlobalSection
	GlobalSection(SolutionProperties) = preSolution
		HideSolutionNode = FALSE
	EndGlobalSection
EndGlobal
